// !$*UTF8*$!
{
	archiveVersion = 1;
	classes = {
	};
	objectVersion = 55;
	objects = {

/* Begin PBXBuildFile section */
		7A0202320C67A78120CA077F /* Pods_RxTabular.framework in Frameworks */ = {isa = PBXBuildFile; fileRef = EDEEC437A94AF426B937C4B4 /* Pods_RxTabular.framework */; };
		A4AE08BE283ED05500D5FB30 /* AppDelegate.swift in Sources */ = {isa = PBXBuildFile; fileRef = A4AE08BD283ED05500D5FB30 /* AppDelegate.swift */; };
		A4AE08C0283ED05500D5FB30 /* SceneDelegate.swift in Sources */ = {isa = PBXBuildFile; fileRef = A4AE08BF283ED05500D5FB30 /* SceneDelegate.swift */; };
		A4AE08C2283ED05500D5FB30 /* MainViewController.swift in Sources */ = {isa = PBXBuildFile; fileRef = A4AE08C1283ED05500D5FB30 /* MainViewController.swift */; };
		A4AE08C5283ED05500D5FB30 /* Main.storyboard in Resources */ = {isa = PBXBuildFile; fileRef = A4AE08C3283ED05500D5FB30 /* Main.storyboard */; };
		A4AE08C7283ED05A00D5FB30 /* Assets.xcassets in Resources */ = {isa = PBXBuildFile; fileRef = A4AE08C6283ED05A00D5FB30 /* Assets.xcassets */; };
		A4AE08CA283ED05A00D5FB30 /* LaunchScreen.storyboard in Resources */ = {isa = PBXBuildFile; fileRef = A4AE08C8283ED05A00D5FB30 /* LaunchScreen.storyboard */; };
		A4AE08D7283ED8D100D5FB30 /* SplashViewController.swift in Sources */ = {isa = PBXBuildFile; fileRef = A4AE08D6283ED8D100D5FB30 /* SplashViewController.swift */; };
		A4AE08DA283ED93400D5FB30 /* loadingFiles.json in Resources */ = {isa = PBXBuildFile; fileRef = A4AE08D9283ED93400D5FB30 /* loadingFiles.json */; };
		A4AE08DD283ED97F00D5FB30 /* ApplicationManager.swift in Sources */ = {isa = PBXBuildFile; fileRef = A4AE08DC283ED97F00D5FB30 /* ApplicationManager.swift */; };
		A4AE08E0283ED9AC00D5FB30 /* Constants.swift in Sources */ = {isa = PBXBuildFile; fileRef = A4AE08DF283ED9AC00D5FB30 /* Constants.swift */; };
		A4AE08E2283ED9FD00D5FB30 /* PostalDTO.swift in Sources */ = {isa = PBXBuildFile; fileRef = A4AE08E1283ED9FD00D5FB30 /* PostalDTO.swift */; };
		A4AE08E4283EDA3700D5FB30 /* PostalModel.swift in Sources */ = {isa = PBXBuildFile; fileRef = A4AE08E3283EDA3700D5FB30 /* PostalModel.swift */; };
		A4AE08E8283EDAA900D5FB30 /* PostalTableViewCell.swift in Sources */ = {isa = PBXBuildFile; fileRef = A4AE08E6283EDAA900D5FB30 /* PostalTableViewCell.swift */; };
		A4AE08E9283EDAA900D5FB30 /* PostalTableViewCell.xib in Resources */ = {isa = PBXBuildFile; fileRef = A4AE08E7283EDAA900D5FB30 /* PostalTableViewCell.xib */; };
		A4AE08EC283EDAFC00D5FB30 /* PostalCellViewModel.swift in Sources */ = {isa = PBXBuildFile; fileRef = A4AE08EB283EDAFC00D5FB30 /* PostalCellViewModel.swift */; };
		A4AE08EE283EDC0E00D5FB30 /* MainViewModel.swift in Sources */ = {isa = PBXBuildFile; fileRef = A4AE08ED283EDC0E00D5FB30 /* MainViewModel.swift */; };
/* End PBXBuildFile section */

/* Begin PBXFileReference section */
		0FF77FA4150E4BBC27C4630A /* Pods-RxTabular.debug.xcconfig */ = {isa = PBXFileReference; includeInIndex = 1; lastKnownFileType = text.xcconfig; name = "Pods-RxTabular.debug.xcconfig"; path = "Target Support Files/Pods-RxTabular/Pods-RxTabular.debug.xcconfig"; sourceTree = "<group>"; };
		A4AE08BA283ED05500D5FB30 /* RxTabular.app */ = {isa = PBXFileReference; explicitFileType = wrapper.application; includeInIndex = 0; path = RxTabular.app; sourceTree = BUILT_PRODUCTS_DIR; };
		A4AE08BD283ED05500D5FB30 /* AppDelegate.swift */ = {isa = PBXFileReference; lastKnownFileType = sourcecode.swift; path = AppDelegate.swift; sourceTree = "<group>"; };
		A4AE08BF283ED05500D5FB30 /* SceneDelegate.swift */ = {isa = PBXFileReference; lastKnownFileType = sourcecode.swift; path = SceneDelegate.swift; sourceTree = "<group>"; };
		A4AE08C1283ED05500D5FB30 /* MainViewController.swift */ = {isa = PBXFileReference; lastKnownFileType = sourcecode.swift; path = MainViewController.swift; sourceTree = "<group>"; };
		A4AE08C4283ED05500D5FB30 /* Base */ = {isa = PBXFileReference; lastKnownFileType = file.storyboard; name = Base; path = Base.lproj/Main.storyboard; sourceTree = "<group>"; };
		A4AE08C6283ED05A00D5FB30 /* Assets.xcassets */ = {isa = PBXFileReference; lastKnownFileType = folder.assetcatalog; path = Assets.xcassets; sourceTree = "<group>"; };
		A4AE08C9283ED05A00D5FB30 /* Base */ = {isa = PBXFileReference; lastKnownFileType = file.storyboard; name = Base; path = Base.lproj/LaunchScreen.storyboard; sourceTree = "<group>"; };
		A4AE08CB283ED05A00D5FB30 /* Info.plist */ = {isa = PBXFileReference; lastKnownFileType = text.plist.xml; path = Info.plist; sourceTree = "<group>"; };
		A4AE08D6283ED8D100D5FB30 /* SplashViewController.swift */ = {isa = PBXFileReference; lastKnownFileType = sourcecode.swift; path = SplashViewController.swift; sourceTree = "<group>"; };
		A4AE08D9283ED93400D5FB30 /* loadingFiles.json */ = {isa = PBXFileReference; fileEncoding = 4; lastKnownFileType = text.json; path = loadingFiles.json; sourceTree = "<group>"; };
		A4AE08DC283ED97F00D5FB30 /* ApplicationManager.swift */ = {isa = PBXFileReference; lastKnownFileType = sourcecode.swift; path = ApplicationManager.swift; sourceTree = "<group>"; };
		A4AE08DF283ED9AC00D5FB30 /* Constants.swift */ = {isa = PBXFileReference; lastKnownFileType = sourcecode.swift; path = Constants.swift; sourceTree = "<group>"; };
		A4AE08E1283ED9FD00D5FB30 /* PostalDTO.swift */ = {isa = PBXFileReference; lastKnownFileType = sourcecode.swift; path = PostalDTO.swift; sourceTree = "<group>"; };
		A4AE08E3283EDA3700D5FB30 /* PostalModel.swift */ = {isa = PBXFileReference; lastKnownFileType = sourcecode.swift; path = PostalModel.swift; sourceTree = "<group>"; };
		A4AE08E6283EDAA900D5FB30 /* PostalTableViewCell.swift */ = {isa = PBXFileReference; lastKnownFileType = sourcecode.swift; path = PostalTableViewCell.swift; sourceTree = "<group>"; };
		A4AE08E7283EDAA900D5FB30 /* PostalTableViewCell.xib */ = {isa = PBXFileReference; lastKnownFileType = file.xib; path = PostalTableViewCell.xib; sourceTree = "<group>"; };
		A4AE08EB283EDAFC00D5FB30 /* PostalCellViewModel.swift */ = {isa = PBXFileReference; lastKnownFileType = sourcecode.swift; path = PostalCellViewModel.swift; sourceTree = "<group>"; };
		A4AE08ED283EDC0E00D5FB30 /* MainViewModel.swift */ = {isa = PBXFileReference; lastKnownFileType = sourcecode.swift; path = MainViewModel.swift; sourceTree = "<group>"; };
		B83F84DE8550B76B9C4E1821 /* Pods-RxTabular.release.xcconfig */ = {isa = PBXFileReference; includeInIndex = 1; lastKnownFileType = text.xcconfig; name = "Pods-RxTabular.release.xcconfig"; path = "Target Support Files/Pods-RxTabular/Pods-RxTabular.release.xcconfig"; sourceTree = "<group>"; };
		EDEEC437A94AF426B937C4B4 /* Pods_RxTabular.framework */ = {isa = PBXFileReference; explicitFileType = wrapper.framework; includeInIndex = 0; path = Pods_RxTabular.framework; sourceTree = BUILT_PRODUCTS_DIR; };
/* End PBXFileReference section */

/* Begin PBXFrameworksBuildPhase section */
		A4AE08B7283ED05500D5FB30 /* Frameworks */ = {
			isa = PBXFrameworksBuildPhase;
			buildActionMask = 2147483647;
			files = (
				7A0202320C67A78120CA077F /* Pods_RxTabular.framework in Frameworks */,
			);
			runOnlyForDeploymentPostprocessing = 0;
		};
/* End PBXFrameworksBuildPhase section */

/* Begin PBXGroup section */
		2B82D011FE8999A7A029B973 /* Frameworks */ = {
			isa = PBXGroup;
			children = (
				EDEEC437A94AF426B937C4B4 /* Pods_RxTabular.framework */,
			);
			name = Frameworks;
			sourceTree = "<group>";
		};
		87701D6A15815142EA1E219F /* Pods */ = {
			isa = PBXGroup;
			children = (
				0FF77FA4150E4BBC27C4630A /* Pods-RxTabular.debug.xcconfig */,
				B83F84DE8550B76B9C4E1821 /* Pods-RxTabular.release.xcconfig */,
			);
			path = Pods;
			sourceTree = "<group>";
		};
		A4AE08B1283ED05500D5FB30 = {
			isa = PBXGroup;
			children = (
				A4AE08BC283ED05500D5FB30 /* RxTabular */,
				A4AE08BB283ED05500D5FB30 /* Products */,
				87701D6A15815142EA1E219F /* Pods */,
				2B82D011FE8999A7A029B973 /* Frameworks */,
			);
			sourceTree = "<group>";
		};
		A4AE08BB283ED05500D5FB30 /* Products */ = {
			isa = PBXGroup;
			children = (
				A4AE08BA283ED05500D5FB30 /* RxTabular.app */,
			);
			name = Products;
			sourceTree = "<group>";
		};
		A4AE08BC283ED05500D5FB30 /* RxTabular */ = {
			isa = PBXGroup;
			children = (
				A4AE08EA283EDAE900D5FB30 /* ViewModels */,
				A4AE08E5283EDA9300D5FB30 /* Views */,
				A4AE08DE283ED9A200D5FB30 /* Constants */,
				A4AE08DB283ED96E00D5FB30 /* Managers */,
				A4AE08D8283ED90D00D5FB30 /* Animations */,
				A4AE08D5283ED57A00D5FB30 /* App Delegate */,
				A4AE08D3283ED54D00D5FB30 /* Supporting Files */,
				A4AE08D4283ED55400D5FB30 /* Storyboards */,
				A4AE08D2283ED54800D5FB30 /* Controllers */,
				A4AE08D1283ED54400D5FB30 /* Models */,
				A4AE08C6283ED05A00D5FB30 /* Assets.xcassets */,
			);
			path = RxTabular;
			sourceTree = "<group>";
		};
		A4AE08D1283ED54400D5FB30 /* Models */ = {
			isa = PBXGroup;
			children = (
				A4AE08E1283ED9FD00D5FB30 /* PostalDTO.swift */,
				A4AE08E3283EDA3700D5FB30 /* PostalModel.swift */,
			);
			path = Models;
			sourceTree = "<group>";
		};
		A4AE08D2283ED54800D5FB30 /* Controllers */ = {
			isa = PBXGroup;
			children = (
				A4AE08C1283ED05500D5FB30 /* MainViewController.swift */,
				A4AE08D6283ED8D100D5FB30 /* SplashViewController.swift */,
			);
			path = Controllers;
			sourceTree = "<group>";
		};
		A4AE08D3283ED54D00D5FB30 /* Supporting Files */ = {
			isa = PBXGroup;
			children = (
				A4AE08CB283ED05A00D5FB30 /* Info.plist */,
			);
			path = "Supporting Files";
			sourceTree = "<group>";
		};
		A4AE08D4283ED55400D5FB30 /* Storyboards */ = {
			isa = PBXGroup;
			children = (
				A4AE08C3283ED05500D5FB30 /* Main.storyboard */,
				A4AE08C8283ED05A00D5FB30 /* LaunchScreen.storyboard */,
			);
			path = Storyboards;
			sourceTree = "<group>";
		};
		A4AE08D5283ED57A00D5FB30 /* App Delegate */ = {
			isa = PBXGroup;
			children = (
				A4AE08BD283ED05500D5FB30 /* AppDelegate.swift */,
				A4AE08BF283ED05500D5FB30 /* SceneDelegate.swift */,
			);
			path = "App Delegate";
			sourceTree = "<group>";
		};
		A4AE08D8283ED90D00D5FB30 /* Animations */ = {
			isa = PBXGroup;
			children = (
				A4AE08D9283ED93400D5FB30 /* loadingFiles.json */,
			);
			path = Animations;
			sourceTree = "<group>";
		};
		A4AE08DB283ED96E00D5FB30 /* Managers */ = {
			isa = PBXGroup;
			children = (
				A4AE08DC283ED97F00D5FB30 /* ApplicationManager.swift */,
			);
			path = Managers;
			sourceTree = "<group>";
		};
		A4AE08DE283ED9A200D5FB30 /* Constants */ = {
			isa = PBXGroup;
			children = (
				A4AE08DF283ED9AC00D5FB30 /* Constants.swift */,
			);
			path = Constants;
			sourceTree = "<group>";
		};
		A4AE08E5283EDA9300D5FB30 /* Views */ = {
			isa = PBXGroup;
			children = (
				A4AE08E6283EDAA900D5FB30 /* PostalTableViewCell.swift */,
				A4AE08E7283EDAA900D5FB30 /* PostalTableViewCell.xib */,
			);
			path = Views;
			sourceTree = "<group>";
		};
		A4AE08EA283EDAE900D5FB30 /* ViewModels */ = {
			isa = PBXGroup;
			children = (
				A4AE08EB283EDAFC00D5FB30 /* PostalCellViewModel.swift */,
				A4AE08ED283EDC0E00D5FB30 /* MainViewModel.swift */,
			);
			path = ViewModels;
			sourceTree = "<group>";
		};
/* End PBXGroup section */

/* Begin PBXNativeTarget section */
		A4AE08B9283ED05500D5FB30 /* RxTabular */ = {
			isa = PBXNativeTarget;
			buildConfigurationList = A4AE08CE283ED05A00D5FB30 /* Build configuration list for PBXNativeTarget "RxTabular" */;
			buildPhases = (
				CA263884BB4250331B75A9AE /* [CP] Check Pods Manifest.lock */,
				A4AE08B6283ED05500D5FB30 /* Sources */,
				A4AE08B7283ED05500D5FB30 /* Frameworks */,
				A4AE08B8283ED05500D5FB30 /* Resources */,
				21207609823EB161BA6F70BD /* [CP] Embed Pods Frameworks */,
			);
			buildRules = (
			);
			dependencies = (
			);
			name = RxTabular;
			productName = RxTabular;
			productReference = A4AE08BA283ED05500D5FB30 /* RxTabular.app */;
			productType = "com.apple.product-type.application";
		};
/* End PBXNativeTarget section */

/* Begin PBXProject section */
		A4AE08B2283ED05500D5FB30 /* Project object */ = {
			isa = PBXProject;
			attributes = {
				BuildIndependentTargetsInParallel = 1;
				LastSwiftUpdateCheck = 1340;
				LastUpgradeCheck = 1340;
				TargetAttributes = {
					A4AE08B9283ED05500D5FB30 = {
						CreatedOnToolsVersion = 13.4;
					};
				};
			};
			buildConfigurationList = A4AE08B5283ED05500D5FB30 /* Build configuration list for PBXProject "RxTabular" */;
			compatibilityVersion = "Xcode 13.0";
			developmentRegion = en;
			hasScannedForEncodings = 0;
			knownRegions = (
				en,
				Base,
			);
			mainGroup = A4AE08B1283ED05500D5FB30;
			productRefGroup = A4AE08BB283ED05500D5FB30 /* Products */;
			projectDirPath = "";
			projectRoot = "";
			targets = (
				A4AE08B9283ED05500D5FB30 /* RxTabular */,
			);
		};
/* End PBXProject section */

/* Begin PBXResourcesBuildPhase section */
		A4AE08B8283ED05500D5FB30 /* Resources */ = {
			isa = PBXResourcesBuildPhase;
			buildActionMask = 2147483647;
			files = (
				A4AE08CA283ED05A00D5FB30 /* LaunchScreen.storyboard in Resources */,
				A4AE08C7283ED05A00D5FB30 /* Assets.xcassets in Resources */,
				A4AE08E9283EDAA900D5FB30 /* PostalTableViewCell.xib in Resources */,
				A4AE08DA283ED93400D5FB30 /* loadingFiles.json in Resources */,
				A4AE08C5283ED05500D5FB30 /* Main.storyboard in Resources */,
			);
			runOnlyForDeploymentPostprocessing = 0;
		};
/* End PBXResourcesBuildPhase section */

/* Begin PBXShellScriptBuildPhase section */
		21207609823EB161BA6F70BD /* [CP] Embed Pods Frameworks */ = {
			isa = PBXShellScriptBuildPhase;
			buildActionMask = 2147483647;
			files = (
			);
			inputFileListPaths = (
				"${PODS_ROOT}/Target Support Files/Pods-RxTabular/Pods-RxTabular-frameworks-${CONFIGURATION}-input-files.xcfilelist",
			);
			name = "[CP] Embed Pods Frameworks";
			outputFileListPaths = (
				"${PODS_ROOT}/Target Support Files/Pods-RxTabular/Pods-RxTabular-frameworks-${CONFIGURATION}-output-files.xcfilelist",
			);
			runOnlyForDeploymentPostprocessing = 0;
			shellPath = /bin/sh;
			shellScript = "\"${PODS_ROOT}/Target Support Files/Pods-RxTabular/Pods-RxTabular-frameworks.sh\"\n";
			showEnvVarsInLog = 0;
		};
		CA263884BB4250331B75A9AE /* [CP] Check Pods Manifest.lock */ = {
			isa = PBXShellScriptBuildPhase;
			buildActionMask = 2147483647;
			files = (
			);
			inputFileListPaths = (
			);
			inputPaths = (
				"${PODS_PODFILE_DIR_PATH}/Podfile.lock",
				"${PODS_ROOT}/Manifest.lock",
			);
			name = "[CP] Check Pods Manifest.lock";
			outputFileListPaths = (
			);
			outputPaths = (
				"$(DERIVED_FILE_DIR)/Pods-RxTabular-checkManifestLockResult.txt",
			);
			runOnlyForDeploymentPostprocessing = 0;
			shellPath = /bin/sh;
			shellScript = "diff \"${PODS_PODFILE_DIR_PATH}/Podfile.lock\" \"${PODS_ROOT}/Manifest.lock\" > /dev/null\nif [ $? != 0 ] ; then\n    # print error to STDERR\n    echo \"error: The sandbox is not in sync with the Podfile.lock. Run 'pod install' or update your CocoaPods installation.\" >&2\n    exit 1\nfi\n# This output is used by Xcode 'outputs' to avoid re-running this script phase.\necho \"SUCCESS\" > \"${SCRIPT_OUTPUT_FILE_0}\"\n";
			showEnvVarsInLog = 0;
		};
/* End PBXShellScriptBuildPhase section */

/* Begin PBXSourcesBuildPhase section */
		A4AE08B6283ED05500D5FB30 /* Sources */ = {
			isa = PBXSourcesBuildPhase;
			buildActionMask = 2147483647;
			files = (
				A4AE08E4283EDA3700D5FB30 /* PostalModel.swift in Sources */,
				A4AE08C2283ED05500D5FB30 /* MainViewController.swift in Sources */,
				A4AE08E2283ED9FD00D5FB30 /* PostalDTO.swift in Sources */,
				A4AE08EC283EDAFC00D5FB30 /* PostalCellViewModel.swift in Sources */,
				A4AE08BE283ED05500D5FB30 /* AppDelegate.swift in Sources */,
				A4AE08DD283ED97F00D5FB30 /* ApplicationManager.swift in Sources */,
				A4AE08C0283ED05500D5FB30 /* SceneDelegate.swift in Sources */,
				A4AE08D7283ED8D100D5FB30 /* SplashViewController.swift in Sources */,
				A4AE08E8283EDAA900D5FB30 /* PostalTableViewCell.swift in Sources */,
				A4AE08E0283ED9AC00D5FB30 /* Constants.swift in Sources */,
				A4AE08EE283EDC0E00D5FB30 /* MainViewModel.swift in Sources */,
			);
			runOnlyForDeploymentPostprocessing = 0;
		};
/* End PBXSourcesBuildPhase section */

/* Begin PBXVariantGroup section */
		A4AE08C3283ED05500D5FB30 /* Main.storyboard */ = {
			isa = PBXVariantGroup;
			children = (
				A4AE08C4283ED05500D5FB30 /* Base */,
			);
			name = Main.storyboard;
			sourceTree = "<group>";
		};
		A4AE08C8283ED05A00D5FB30 /* LaunchScreen.storyboard */ = {
			isa = PBXVariantGroup;
			children = (
				A4AE08C9283ED05A00D5FB30 /* Base */,
			);
			name = LaunchScreen.storyboard;
			sourceTree = "<group>";
		};
/* End PBXVariantGroup section */

/* Begin XCBuildConfiguration section */
		A4AE08CC283ED05A00D5FB30 /* Debug */ = {
			isa = XCBuildConfiguration;
			buildSettings = {
				ALWAYS_SEARCH_USER_PATHS = NO;
				CLANG_ANALYZER_NONNULL = YES;
				CLANG_ANALYZER_NUMBER_OBJECT_CONVERSION = YES_AGGRESSIVE;
				CLANG_CXX_LANGUAGE_STANDARD = "gnu++17";
				CLANG_ENABLE_MODULES = YES;
				CLANG_ENABLE_OBJC_ARC = YES;
				CLANG_ENABLE_OBJC_WEAK = YES;
				CLANG_WARN_BLOCK_CAPTURE_AUTORELEASING = YES;
				CLANG_WARN_BOOL_CONVERSION = YES;
				CLANG_WARN_COMMA = YES;
				CLANG_WARN_CONSTANT_CONVERSION = YES;
				CLANG_WARN_DEPRECATED_OBJC_IMPLEMENTATIONS = YES;
				CLANG_WARN_DIRECT_OBJC_ISA_USAGE = YES_ERROR;
				CLANG_WARN_DOCUMENTATION_COMMENTS = YES;
				CLANG_WARN_EMPTY_BODY = YES;
				CLANG_WARN_ENUM_CONVERSION = YES;
				CLANG_WARN_INFINITE_RECURSION = YES;
				CLANG_WARN_INT_CONVERSION = YES;
				CLANG_WARN_NON_LITERAL_NULL_CONVERSION = YES;
				CLANG_WARN_OBJC_IMPLICIT_RETAIN_SELF = YES;
				CLANG_WARN_OBJC_LITERAL_CONVERSION = YES;
				CLANG_WARN_OBJC_ROOT_CLASS = YES_ERROR;
				CLANG_WARN_QUOTED_INCLUDE_IN_FRAMEWORK_HEADER = YES;
				CLANG_WARN_RANGE_LOOP_ANALYSIS = YES;
				CLANG_WARN_STRICT_PROTOTYPES = YES;
				CLANG_WARN_SUSPICIOUS_MOVE = YES;
				CLANG_WARN_UNGUARDED_AVAILABILITY = YES_AGGRESSIVE;
				CLANG_WARN_UNREACHABLE_CODE = YES;
				CLANG_WARN__DUPLICATE_METHOD_MATCH = YES;
				COPY_PHASE_STRIP = NO;
				DEBUG_INFORMATION_FORMAT = dwarf;
				ENABLE_STRICT_OBJC_MSGSEND = YES;
				ENABLE_TESTABILITY = YES;
				GCC_C_LANGUAGE_STANDARD = gnu11;
				GCC_DYNAMIC_NO_PIC = NO;
				GCC_NO_COMMON_BLOCKS = YES;
				GCC_OPTIMIZATION_LEVEL = 0;
				GCC_PREPROCESSOR_DEFINITIONS = (
					"DEBUG=1",
					"$(inherited)",
				);
				GCC_WARN_64_TO_32_BIT_CONVERSION = YES;
				GCC_WARN_ABOUT_RETURN_TYPE = YES_ERROR;
				GCC_WARN_UNDECLARED_SELECTOR = YES;
				GCC_WARN_UNINITIALIZED_AUTOS = YES_AGGRESSIVE;
				GCC_WARN_UNUSED_FUNCTION = YES;
				GCC_WARN_UNUSED_VARIABLE = YES;
				IPHONEOS_DEPLOYMENT_TARGET = 15.5;
				MTL_ENABLE_DEBUG_INFO = INCLUDE_SOURCE;
				MTL_FAST_MATH = YES;
				ONLY_ACTIVE_ARCH = YES;
				SDKROOT = iphoneos;
				SWIFT_ACTIVE_COMPILATION_CONDITIONS = DEBUG;
				SWIFT_OPTIMIZATION_LEVEL = "-Onone";
			};
			name = Debug;
		};
		A4AE08CD283ED05A00D5FB30 /* Release */ = {
			isa = XCBuildConfiguration;
			buildSettings = {
				ALWAYS_SEARCH_USER_PATHS = NO;
				CLANG_ANALYZER_NONNULL = YES;
				CLANG_ANALYZER_NUMBER_OBJECT_CONVERSION = YES_AGGRESSIVE;
				CLANG_CXX_LANGUAGE_STANDARD = "gnu++17";
				CLANG_ENABLE_MODULES = YES;
				CLANG_ENABLE_OBJC_ARC = YES;
				CLANG_ENABLE_OBJC_WEAK = YES;
				CLANG_WARN_BLOCK_CAPTURE_AUTORELEASING = YES;
				CLANG_WARN_BOOL_CONVERSION = YES;
				CLANG_WARN_COMMA = YES;
				CLANG_WARN_CONSTANT_CONVERSION = YES;
				CLANG_WARN_DEPRECATED_OBJC_IMPLEMENTATIONS = YES;
				CLANG_WARN_DIRECT_OBJC_ISA_USAGE = YES_ERROR;
				CLANG_WARN_DOCUMENTATION_COMMENTS = YES;
				CLANG_WARN_EMPTY_BODY = YES;
				CLANG_WARN_ENUM_CONVERSION = YES;
				CLANG_WARN_INFINITE_RECURSION = YES;
				CLANG_WARN_INT_CONVERSION = YES;
				CLANG_WARN_NON_LITERAL_NULL_CONVERSION = YES;
				CLANG_WARN_OBJC_IMPLICIT_RETAIN_SELF = YES;
				CLANG_WARN_OBJC_LITERAL_CONVERSION = YES;
				CLANG_WARN_OBJC_ROOT_CLASS = YES_ERROR;
				CLANG_WARN_QUOTED_INCLUDE_IN_FRAMEWORK_HEADER = YES;
				CLANG_WARN_RANGE_LOOP_ANALYSIS = YES;
				CLANG_WARN_STRICT_PROTOTYPES = YES;
				CLANG_WARN_SUSPICIOUS_MOVE = YES;
				CLANG_WARN_UNGUARDED_AVAILABILITY = YES_AGGRESSIVE;
				CLANG_WARN_UNREACHABLE_CODE = YES;
				CLANG_WARN__DUPLICATE_METHOD_MATCH = YES;
				COPY_PHASE_STRIP = NO;
				DEBUG_INFORMATION_FORMAT = "dwarf-with-dsym";
				ENABLE_NS_ASSERTIONS = NO;
				ENABLE_STRICT_OBJC_MSGSEND = YES;
				GCC_C_LANGUAGE_STANDARD = gnu11;
				GCC_NO_COMMON_BLOCKS = YES;
				GCC_WARN_64_TO_32_BIT_CONVERSION = YES;
				GCC_WARN_ABOUT_RETURN_TYPE = YES_ERROR;
				GCC_WARN_UNDECLARED_SELECTOR = YES;
				GCC_WARN_UNINITIALIZED_AUTOS = YES_AGGRESSIVE;
				GCC_WARN_UNUSED_FUNCTION = YES;
				GCC_WARN_UNUSED_VARIABLE = YES;
				IPHONEOS_DEPLOYMENT_TARGET = 15.5;
				MTL_ENABLE_DEBUG_INFO = NO;
				MTL_FAST_MATH = YES;
				SDKROOT = iphoneos;
				SWIFT_COMPILATION_MODE = wholemodule;
				SWIFT_OPTIMIZATION_LEVEL = "-O";
				VALIDATE_PRODUCT = YES;
			};
			name = Release;
		};
		A4AE08CF283ED05A00D5FB30 /* Debug */ = {
			isa = XCBuildConfiguration;
			baseConfigurationReference = 0FF77FA4150E4BBC27C4630A /* Pods-RxTabular.debug.xcconfig */;
			buildSettings = {
				ASSETCATALOG_COMPILER_APPICON_NAME = AppIcon;
				ASSETCATALOG_COMPILER_GLOBAL_ACCENT_COLOR_NAME = AccentColor;
				CODE_SIGN_STYLE = Automatic;
				CURRENT_PROJECT_VERSION = 1;
				GENERATE_INFOPLIST_FILE = YES;
				INFOPLIST_FILE = "RxTabular/Supporting Files/Info.plist";
				INFOPLIST_KEY_UIApplicationSupportsIndirectInputEvents = YES;
				INFOPLIST_KEY_UILaunchStoryboardName = LaunchScreen;
				INFOPLIST_KEY_UIMainStoryboardFile = Main;
				INFOPLIST_KEY_UISupportedInterfaceOrientations_iPad = "UIInterfaceOrientationPortrait UIInterfaceOrientationPortraitUpsideDown UIInterfaceOrientationLandscapeLeft UIInterfaceOrientationLandscapeRight";
				INFOPLIST_KEY_UISupportedInterfaceOrientations_iPhone = "UIInterfaceOrientationPortrait UIInterfaceOrientationLandscapeLeft UIInterfaceOrientationLandscapeRight";
				LD_RUNPATH_SEARCH_PATHS = (
					"$(inherited)",
					"@executable_path/Frameworks",
				);
				MARKETING_VERSION = 1.0;
				PRODUCT_BUNDLE_IDENTIFIER = com.tests.RxTabular;
				PRODUCT_NAME = "$(TARGET_NAME)";
				SWIFT_EMIT_LOC_STRINGS = YES;
				SWIFT_VERSION = 5.0;
				TARGETED_DEVICE_FAMILY = "1,2";
			};
			name = Debug;
		};
		A4AE08D0283ED05A00D5FB30 /* Release */ = {
			isa = XCBuildConfiguration;
			baseConfigurationReference = B83F84DE8550B76B9C4E1821 /* Pods-RxTabular.release.xcconfig */;
			buildSettings = {
				ASSETCATALOG_COMPILER_APPICON_NAME = AppIcon;
				ASSETCATALOG_COMPILER_GLOBAL_ACCENT_COLOR_NAME = AccentColor;
				CODE_SIGN_STYLE = Automatic;
				CURRENT_PROJECT_VERSION = 1;
				GENERATE_INFOPLIST_FILE = YES;
				INFOPLIST_FILE = "RxTabular/Supporting Files/Info.plist";
				INFOPLIST_KEY_UIApplicationSupportsIndirectInputEvents = YES;
				INFOPLIST_KEY_UILaunchStoryboardName = LaunchScreen;
				INFOPLIST_KEY_UIMainStoryboardFile = Main;
				INFOPLIST_KEY_UISupportedInterfaceOrientations_iPad = "UIInterfaceOrientationPortrait UIInterfaceOrientationPortraitUpsideDown UIInterfaceOrientationLandscapeLeft UIInterfaceOrientationLandscapeRight";
				INFOPLIST_KEY_UISupportedInterfaceOrientations_iPhone = "UIInterfaceOrientationPortrait UIInterfaceOrientationLandscapeLeft UIInterfaceOrientationLandscapeRight";
				LD_RUNPATH_SEARCH_PATHS = (
					"$(inherited)",
					"@executable_path/Frameworks",
				);
				MARKETING_VERSION = 1.0;
				PRODUCT_BUNDLE_IDENTIFIER = com.tests.RxTabular;
				PRODUCT_NAME = "$(TARGET_NAME)";
				SWIFT_EMIT_LOC_STRINGS = YES;
				SWIFT_VERSION = 5.0;
				TARGETED_DEVICE_FAMILY = "1,2";
			};
			name = Release;
		};
/* End XCBuildConfiguration section */

/* Begin XCConfigurationList section */
		A4AE08B5283ED05500D5FB30 /* Build configuration list for PBXProject "RxTabular" */ = {
			isa = XCConfigurationList;
			buildConfigurations = (
				A4AE08CC283ED05A00D5FB30 /* Debug */,
				A4AE08CD283ED05A00D5FB30 /* Release */,
			);
			defaultConfigurationIsVisible = 0;
			defaultConfigurationName = Release;
		};
		A4AE08CE283ED05A00D5FB30 /* Build configuration list for PBXNativeTarget "RxTabular" */ = {
			isa = XCConfigurationList;
			buildConfigurations = (
				A4AE08CF283ED05A00D5FB30 /* Debug */,
				A4AE08D0283ED05A00D5FB30 /* Release */,
			);
			defaultConfigurationIsVisible = 0;
			defaultConfigurationName = Release;
		};
/* End XCConfigurationList section */
	};
	rootObject = A4AE08B2283ED05500D5FB30 /* Project object */;
}
